// !$*UTF8*$!
{
	archiveVersion = 1;
	classes = {
	};
	objectVersion = 50;
	objects = {

/* Begin PBXBuildFile section */
		AD0BA67D21A7B9A700DD752A /* Main.swift in Sources */ = {isa = PBXBuildFile; fileRef = AD0BA67C21A7B9A700DD752A /* Main.swift */; };
		AD0BA67F21A7CF0700DD752A /* MusicPlayerViewController.swift in Sources */ = {isa = PBXBuildFile; fileRef = AD0BA67E21A7CF0700DD752A /* MusicPlayerViewController.swift */; };
		AD0BA68321A7D78200DD752A /* take-me-home.mp3 in Resources */ = {isa = PBXBuildFile; fileRef = AD0BA68221A7D78100DD752A /* take-me-home.mp3 */; };
		AD0BA68921A8E86C00DD752A /* SearchResultsViewController.swift in Sources */ = {isa = PBXBuildFile; fileRef = AD0BA68821A8E86C00DD752A /* SearchResultsViewController.swift */; };
		AD0BA68B21A8FB2700DD752A /* SearchNavigationController.swift in Sources */ = {isa = PBXBuildFile; fileRef = AD0BA68A21A8FB2700DD752A /* SearchNavigationController.swift */; };
		AD0BA68E21A9028700DD752A /* ItunesMedia.swift in Sources */ = {isa = PBXBuildFile; fileRef = AD0BA68D21A9028700DD752A /* ItunesMedia.swift */; };
		AD0BA69021A9034900DD752A /* Endpoint.swift in Sources */ = {isa = PBXBuildFile; fileRef = AD0BA68F21A9034900DD752A /* Endpoint.swift */; };
		AD0BA69221A903D400DD752A /* ItunesEntity.swift in Sources */ = {isa = PBXBuildFile; fileRef = AD0BA69121A903D400DD752A /* ItunesEntity.swift */; };
		AD0BA69421A9041000DD752A /* ItunesAttributes.swift in Sources */ = {isa = PBXBuildFile; fileRef = AD0BA69321A9041000DD752A /* ItunesAttributes.swift */; };
		AD0BA69621A908B900DD752A /* QueryItemProvider.swift in Sources */ = {isa = PBXBuildFile; fileRef = AD0BA69521A908B900DD752A /* QueryItemProvider.swift */; };
		AD0BA69921A90C0300DD752A /* JSONDownloader.swift in Sources */ = {isa = PBXBuildFile; fileRef = AD0BA69821A90C0300DD752A /* JSONDownloader.swift */; };
		AD0BA69B21A90CA600DD752A /* ItunesError.swift in Sources */ = {isa = PBXBuildFile; fileRef = AD0BA69A21A90CA600DD752A /* ItunesError.swift */; };
		AD0BA69D21A90D2800DD752A /* ItunesAPIClient.swift in Sources */ = {isa = PBXBuildFile; fileRef = AD0BA69C21A90D2800DD752A /* ItunesAPIClient.swift */; };
		AD0BA69F21A93AD000DD752A /* ArtworkDownloader.swift in Sources */ = {isa = PBXBuildFile; fileRef = AD0BA69E21A93AD000DD752A /* ArtworkDownloader.swift */; };
		AD0BA6A121A9DF9700DD752A /* SelectTableViewController.swift in Sources */ = {isa = PBXBuildFile; fileRef = AD0BA6A021A9DF9700DD752A /* SelectTableViewController.swift */; };
		AD0BA6A321A9DFE300DD752A /* SelectNavigationController.swift in Sources */ = {isa = PBXBuildFile; fileRef = AD0BA6A221A9DFE300DD752A /* SelectNavigationController.swift */; };
		AD0BA6A821A9E5BC00DD752A /* SelectResultsDataSource.swift in Sources */ = {isa = PBXBuildFile; fileRef = AD0BA6A721A9E5BC00DD752A /* SelectResultsDataSource.swift */; };
		AD0BA6AA21A9EF9D00DD752A /* AlbumTableViewController.swift in Sources */ = {isa = PBXBuildFile; fileRef = AD0BA6A921A9EF9D00DD752A /* AlbumTableViewController.swift */; };
		AD0BA6AC21A9F27800DD752A /* AlbumCell.swift in Sources */ = {isa = PBXBuildFile; fileRef = AD0BA6AB21A9F27800DD752A /* AlbumCell.swift */; };
		AD0BA6AE21AA02DF00DD752A /* AlbumListDataSource.swift in Sources */ = {isa = PBXBuildFile; fileRef = AD0BA6AD21AA02DF00DD752A /* AlbumListDataSource.swift */; };
		AD0BA6B121AA03D700DD752A /* AlbumCellViewModel.swift in Sources */ = {isa = PBXBuildFile; fileRef = AD0BA6B021AA03D700DD752A /* AlbumCellViewModel.swift */; };
		AD0BA6B321AA097300DD752A /* PendingOperations.swift in Sources */ = {isa = PBXBuildFile; fileRef = AD0BA6B221AA097300DD752A /* PendingOperations.swift */; };
		AD0BA6B521AA1DFA00DD752A /* AlbumDetailViewController.swift in Sources */ = {isa = PBXBuildFile; fileRef = AD0BA6B421AA1DFA00DD752A /* AlbumDetailViewController.swift */; };
		AD0BA6B721AA1FC700DD752A /* AlbumDetailViewModel.swift in Sources */ = {isa = PBXBuildFile; fileRef = AD0BA6B621AA1FC700DD752A /* AlbumDetailViewModel.swift */; };
		AD0BA6B921AA21A500DD752A /* AlbumDetailDataSource.swift in Sources */ = {isa = PBXBuildFile; fileRef = AD0BA6B821AA21A500DD752A /* AlbumDetailDataSource.swift */; };
		AD0BA6BB21AA21F500DD752A /* SongCell.swift in Sources */ = {isa = PBXBuildFile; fileRef = AD0BA6BA21AA21F500DD752A /* SongCell.swift */; };
		AD0BA6BD21AA221C00DD752A /* SongViewModel.swift in Sources */ = {isa = PBXBuildFile; fileRef = AD0BA6BC21AA221C00DD752A /* SongViewModel.swift */; };
		AD0BA6BF21AF36FE00DD752A /* mind-over-matter-reprise.mp3 in Resources */ = {isa = PBXBuildFile; fileRef = AD0BA6BE21AF36FD00DD752A /* mind-over-matter-reprise.mp3 */; };
		AD8867F6218793F0005F0B14 /* AppDelegate.swift in Sources */ = {isa = PBXBuildFile; fileRef = AD8867F5218793F0005F0B14 /* AppDelegate.swift */; };
		AD8867F8218793F0005F0B14 /* ExploreViewController.swift in Sources */ = {isa = PBXBuildFile; fileRef = AD8867F7218793F0005F0B14 /* ExploreViewController.swift */; };
		AD8867FA218793F0005F0B14 /* SearchViewController.swift in Sources */ = {isa = PBXBuildFile; fileRef = AD8867F9218793F0005F0B14 /* SearchViewController.swift */; };
		AD8867FD218793F0005F0B14 /* Main.storyboard in Resources */ = {isa = PBXBuildFile; fileRef = AD8867FB218793F0005F0B14 /* Main.storyboard */; };
		AD8867FF218793F3005F0B14 /* Assets.xcassets in Resources */ = {isa = PBXBuildFile; fileRef = AD8867FE218793F3005F0B14 /* Assets.xcassets */; };
		AD886802218793F3005F0B14 /* LaunchScreen.storyboard in Resources */ = {isa = PBXBuildFile; fileRef = AD886800218793F3005F0B14 /* LaunchScreen.storyboard */; };
		AD88680C2187C8FB005F0B14 /* ProfileViewController.swift in Sources */ = {isa = PBXBuildFile; fileRef = AD88680B2187C8FB005F0B14 /* ProfileViewController.swift */; };
		AD8868102187E8BA005F0B14 /* TabBarViewController.swift in Sources */ = {isa = PBXBuildFile; fileRef = AD88680F2187E8BA005F0B14 /* TabBarViewController.swift */; };
		AD886813218A7D66005F0B14 /* Artist.swift in Sources */ = {isa = PBXBuildFile; fileRef = AD886812218A7D66005F0B14 /* Artist.swift */; };
		AD886815218A7DFF005F0B14 /* Genre.swift in Sources */ = {isa = PBXBuildFile; fileRef = AD886814218A7DFF005F0B14 /* Genre.swift */; };
		AD886817218A7E5C005F0B14 /* Album.swift in Sources */ = {isa = PBXBuildFile; fileRef = AD886816218A7E5C005F0B14 /* Album.swift */; };
		AD886819218A86F6005F0B14 /* Song.swift in Sources */ = {isa = PBXBuildFile; fileRef = AD886818218A86F6005F0B14 /* Song.swift */; };
		AD88681B218A877F005F0B14 /* Stub.swift in Sources */ = {isa = PBXBuildFile; fileRef = AD88681A218A877F005F0B14 /* Stub.swift */; };
		ADCCE4EE21A3AF5600DF1D1F /* LoginViewController.swift in Sources */ = {isa = PBXBuildFile; fileRef = ADCCE4ED21A3AF5600DF1D1F /* LoginViewController.swift */; };
/* End PBXBuildFile section */

/* Begin PBXFileReference section */
		AD0BA67C21A7B9A700DD752A /* Main.swift */ = {isa = PBXFileReference; lastKnownFileType = sourcecode.swift; path = Main.swift; sourceTree = "<group>"; };
		AD0BA67E21A7CF0700DD752A /* MusicPlayerViewController.swift */ = {isa = PBXFileReference; lastKnownFileType = sourcecode.swift; path = MusicPlayerViewController.swift; sourceTree = "<group>"; };
		AD0BA68221A7D78100DD752A /* take-me-home.mp3 */ = {isa = PBXFileReference; lastKnownFileType = audio.mp3; path = "take-me-home.mp3"; sourceTree = "<group>"; };
		AD0BA68821A8E86C00DD752A /* SearchResultsViewController.swift */ = {isa = PBXFileReference; lastKnownFileType = sourcecode.swift; path = SearchResultsViewController.swift; sourceTree = "<group>"; };
		AD0BA68A21A8FB2700DD752A /* SearchNavigationController.swift */ = {isa = PBXFileReference; lastKnownFileType = sourcecode.swift; path = SearchNavigationController.swift; sourceTree = "<group>"; };
		AD0BA68D21A9028700DD752A /* ItunesMedia.swift */ = {isa = PBXFileReference; lastKnownFileType = sourcecode.swift; path = ItunesMedia.swift; sourceTree = "<group>"; };
		AD0BA68F21A9034900DD752A /* Endpoint.swift */ = {isa = PBXFileReference; lastKnownFileType = sourcecode.swift; path = Endpoint.swift; sourceTree = "<group>"; };
		AD0BA69121A903D400DD752A /* ItunesEntity.swift */ = {isa = PBXFileReference; lastKnownFileType = sourcecode.swift; path = ItunesEntity.swift; sourceTree = "<group>"; };
		AD0BA69321A9041000DD752A /* ItunesAttributes.swift */ = {isa = PBXFileReference; lastKnownFileType = sourcecode.swift; path = ItunesAttributes.swift; sourceTree = "<group>"; };
		AD0BA69521A908B900DD752A /* QueryItemProvider.swift */ = {isa = PBXFileReference; lastKnownFileType = sourcecode.swift; path = QueryItemProvider.swift; sourceTree = "<group>"; };
		AD0BA69821A90C0300DD752A /* JSONDownloader.swift */ = {isa = PBXFileReference; lastKnownFileType = sourcecode.swift; path = JSONDownloader.swift; sourceTree = "<group>"; };
		AD0BA69A21A90CA600DD752A /* ItunesError.swift */ = {isa = PBXFileReference; lastKnownFileType = sourcecode.swift; path = ItunesError.swift; sourceTree = "<group>"; };
		AD0BA69C21A90D2800DD752A /* ItunesAPIClient.swift */ = {isa = PBXFileReference; lastKnownFileType = sourcecode.swift; path = ItunesAPIClient.swift; sourceTree = "<group>"; };
		AD0BA69E21A93AD000DD752A /* ArtworkDownloader.swift */ = {isa = PBXFileReference; lastKnownFileType = sourcecode.swift; path = ArtworkDownloader.swift; sourceTree = "<group>"; };
		AD0BA6A021A9DF9700DD752A /* SelectTableViewController.swift */ = {isa = PBXFileReference; lastKnownFileType = sourcecode.swift; path = SelectTableViewController.swift; sourceTree = "<group>"; };
		AD0BA6A221A9DFE300DD752A /* SelectNavigationController.swift */ = {isa = PBXFileReference; lastKnownFileType = sourcecode.swift; path = SelectNavigationController.swift; sourceTree = "<group>"; };
		AD0BA6A721A9E5BC00DD752A /* SelectResultsDataSource.swift */ = {isa = PBXFileReference; lastKnownFileType = sourcecode.swift; path = SelectResultsDataSource.swift; sourceTree = "<group>"; };
		AD0BA6A921A9EF9D00DD752A /* AlbumTableViewController.swift */ = {isa = PBXFileReference; lastKnownFileType = sourcecode.swift; path = AlbumTableViewController.swift; sourceTree = "<group>"; };
		AD0BA6AB21A9F27800DD752A /* AlbumCell.swift */ = {isa = PBXFileReference; lastKnownFileType = sourcecode.swift; path = AlbumCell.swift; sourceTree = "<group>"; };
		AD0BA6AD21AA02DF00DD752A /* AlbumListDataSource.swift */ = {isa = PBXFileReference; lastKnownFileType = sourcecode.swift; path = AlbumListDataSource.swift; sourceTree = "<group>"; };
		AD0BA6B021AA03D700DD752A /* AlbumCellViewModel.swift */ = {isa = PBXFileReference; lastKnownFileType = sourcecode.swift; path = AlbumCellViewModel.swift; sourceTree = "<group>"; };
		AD0BA6B221AA097300DD752A /* PendingOperations.swift */ = {isa = PBXFileReference; lastKnownFileType = sourcecode.swift; path = PendingOperations.swift; sourceTree = "<group>"; };
		AD0BA6B421AA1DFA00DD752A /* AlbumDetailViewController.swift */ = {isa = PBXFileReference; lastKnownFileType = sourcecode.swift; path = AlbumDetailViewController.swift; sourceTree = "<group>"; };
		AD0BA6B621AA1FC700DD752A /* AlbumDetailViewModel.swift */ = {isa = PBXFileReference; lastKnownFileType = sourcecode.swift; path = AlbumDetailViewModel.swift; sourceTree = "<group>"; };
		AD0BA6B821AA21A500DD752A /* AlbumDetailDataSource.swift */ = {isa = PBXFileReference; lastKnownFileType = sourcecode.swift; path = AlbumDetailDataSource.swift; sourceTree = "<group>"; };
		AD0BA6BA21AA21F500DD752A /* SongCell.swift */ = {isa = PBXFileReference; lastKnownFileType = sourcecode.swift; path = SongCell.swift; sourceTree = "<group>"; };
		AD0BA6BC21AA221C00DD752A /* SongViewModel.swift */ = {isa = PBXFileReference; lastKnownFileType = sourcecode.swift; path = SongViewModel.swift; sourceTree = "<group>"; };
		AD0BA6BE21AF36FD00DD752A /* mind-over-matter-reprise.mp3 */ = {isa = PBXFileReference; lastKnownFileType = audio.mp3; path = "mind-over-matter-reprise.mp3"; sourceTree = "<group>"; };
		AD8867F2218793F0005F0B14 /* MusicMasterFront.app */ = {isa = PBXFileReference; explicitFileType = wrapper.application; includeInIndex = 0; path = MusicMasterFront.app; sourceTree = BUILT_PRODUCTS_DIR; };
		AD8867F5218793F0005F0B14 /* AppDelegate.swift */ = {isa = PBXFileReference; lastKnownFileType = sourcecode.swift; path = AppDelegate.swift; sourceTree = "<group>"; };
		AD8867F7218793F0005F0B14 /* ExploreViewController.swift */ = {isa = PBXFileReference; lastKnownFileType = sourcecode.swift; path = ExploreViewController.swift; sourceTree = "<group>"; };
		AD8867F9218793F0005F0B14 /* SearchViewController.swift */ = {isa = PBXFileReference; lastKnownFileType = sourcecode.swift; path = SearchViewController.swift; sourceTree = "<group>"; };
		AD8867FC218793F0005F0B14 /* Base */ = {isa = PBXFileReference; lastKnownFileType = file.storyboard; name = Base; path = Base.lproj/Main.storyboard; sourceTree = "<group>"; };
		AD8867FE218793F3005F0B14 /* Assets.xcassets */ = {isa = PBXFileReference; lastKnownFileType = folder.assetcatalog; path = Assets.xcassets; sourceTree = "<group>"; };
		AD886801218793F3005F0B14 /* Base */ = {isa = PBXFileReference; lastKnownFileType = file.storyboard; name = Base; path = Base.lproj/LaunchScreen.storyboard; sourceTree = "<group>"; };
		AD886803218793F3005F0B14 /* Info.plist */ = {isa = PBXFileReference; lastKnownFileType = text.plist.xml; path = Info.plist; sourceTree = "<group>"; };
		AD88680B2187C8FB005F0B14 /* ProfileViewController.swift */ = {isa = PBXFileReference; lastKnownFileType = sourcecode.swift; path = ProfileViewController.swift; sourceTree = "<group>"; };
		AD88680F2187E8BA005F0B14 /* TabBarViewController.swift */ = {isa = PBXFileReference; lastKnownFileType = sourcecode.swift; path = TabBarViewController.swift; sourceTree = "<group>"; };
		AD886812218A7D66005F0B14 /* Artist.swift */ = {isa = PBXFileReference; lastKnownFileType = sourcecode.swift; path = Artist.swift; sourceTree = "<group>"; };
		AD886814218A7DFF005F0B14 /* Genre.swift */ = {isa = PBXFileReference; lastKnownFileType = sourcecode.swift; path = Genre.swift; sourceTree = "<group>"; };
		AD886816218A7E5C005F0B14 /* Album.swift */ = {isa = PBXFileReference; lastKnownFileType = sourcecode.swift; path = Album.swift; sourceTree = "<group>"; };
		AD886818218A86F6005F0B14 /* Song.swift */ = {isa = PBXFileReference; lastKnownFileType = sourcecode.swift; path = Song.swift; sourceTree = "<group>"; };
		AD88681A218A877F005F0B14 /* Stub.swift */ = {isa = PBXFileReference; lastKnownFileType = sourcecode.swift; path = Stub.swift; sourceTree = "<group>"; };
		ADCCE4ED21A3AF5600DF1D1F /* LoginViewController.swift */ = {isa = PBXFileReference; lastKnownFileType = sourcecode.swift; path = LoginViewController.swift; sourceTree = "<group>"; };
/* End PBXFileReference section */

/* Begin PBXFrameworksBuildPhase section */
		AD8867EF218793F0005F0B14 /* Frameworks */ = {
			isa = PBXFrameworksBuildPhase;
			buildActionMask = 2147483647;
			files = (
			);
			runOnlyForDeploymentPostprocessing = 0;
		};
/* End PBXFrameworksBuildPhase section */

/* Begin PBXGroup section */
		AD0BA68C21A9026D00DD752A /* Endpoint */ = {
			isa = PBXGroup;
			children = (
				AD0BA68D21A9028700DD752A /* ItunesMedia.swift */,
				AD0BA68F21A9034900DD752A /* Endpoint.swift */,
				AD0BA69121A903D400DD752A /* ItunesEntity.swift */,
				AD0BA69321A9041000DD752A /* ItunesAttributes.swift */,
				AD0BA69521A908B900DD752A /* QueryItemProvider.swift */,
			);
			path = Endpoint;
			sourceTree = "<group>";
		};
		AD0BA69721A90BEF00DD752A /* Networking */ = {
			isa = PBXGroup;
			children = (
				AD0BA69821A90C0300DD752A /* JSONDownloader.swift */,
				AD0BA69A21A90CA600DD752A /* ItunesError.swift */,
				AD0BA69C21A90D2800DD752A /* ItunesAPIClient.swift */,
				AD0BA69E21A93AD000DD752A /* ArtworkDownloader.swift */,
				AD0BA6B221AA097300DD752A /* PendingOperations.swift */,
			);
			path = Networking;
			sourceTree = "<group>";
		};
		AD0BA6A421A9E55B00DD752A /* Data Sources */ = {
			isa = PBXGroup;
			children = (
				AD0BA6A721A9E5BC00DD752A /* SelectResultsDataSource.swift */,
				AD0BA6AD21AA02DF00DD752A /* AlbumListDataSource.swift */,
				AD0BA6B821AA21A500DD752A /* AlbumDetailDataSource.swift */,
			);
			path = "Data Sources";
			sourceTree = "<group>";
		};
		AD0BA6AF21AA03C700DD752A /* View Models */ = {
			isa = PBXGroup;
			children = (
				AD0BA6B021AA03D700DD752A /* AlbumCellViewModel.swift */,
				AD0BA6B621AA1FC700DD752A /* AlbumDetailViewModel.swift */,
				AD0BA6BC21AA221C00DD752A /* SongViewModel.swift */,
			);
			path = "View Models";
			sourceTree = "<group>";
		};
		AD8867E9218793F0005F0B14 = {
			isa = PBXGroup;
			children = (
				AD8867F4218793F0005F0B14 /* MusicMasterFront */,
				AD8867F3218793F0005F0B14 /* Products */,
			);
			sourceTree = "<group>";
		};
		AD8867F3218793F0005F0B14 /* Products */ = {
			isa = PBXGroup;
			children = (
				AD8867F2218793F0005F0B14 /* MusicMasterFront.app */,
			);
			name = Products;
			sourceTree = "<group>";
		};
		AD8867F4218793F0005F0B14 /* MusicMasterFront */ = {
			isa = PBXGroup;
			children = (
				AD0BA6AF21AA03C700DD752A /* View Models */,
				AD0BA6A421A9E55B00DD752A /* Data Sources */,
				AD0BA69721A90BEF00DD752A /* Networking */,
				AD0BA68C21A9026D00DD752A /* Endpoint */,
				AD886811218A7D4F005F0B14 /* Models */,
				AD8867F5218793F0005F0B14 /* AppDelegate.swift */,
				AD0BA67C21A7B9A700DD752A /* Main.swift */,
				AD8867F7218793F0005F0B14 /* ExploreViewController.swift */,
				ADCCE4ED21A3AF5600DF1D1F /* LoginViewController.swift */,
				AD0BA68A21A8FB2700DD752A /* SearchNavigationController.swift */,
				AD8867F9218793F0005F0B14 /* SearchViewController.swift */,
				AD0BA67E21A7CF0700DD752A /* MusicPlayerViewController.swift */,
				AD0BA68821A8E86C00DD752A /* SearchResultsViewController.swift */,
				AD88680B2187C8FB005F0B14 /* ProfileViewController.swift */,
				AD88680F2187E8BA005F0B14 /* TabBarViewController.swift */,
				AD0BA6BA21AA21F500DD752A /* SongCell.swift */,
				AD0BA6A221A9DFE300DD752A /* SelectNavigationController.swift */,
				AD0BA6A021A9DF9700DD752A /* SelectTableViewController.swift */,
				AD0BA6A921A9EF9D00DD752A /* AlbumTableViewController.swift */,
				AD0BA6B421AA1DFA00DD752A /* AlbumDetailViewController.swift */,
				AD0BA6AB21A9F27800DD752A /* AlbumCell.swift */,
				AD8867FB218793F0005F0B14 /* Main.storyboard */,
				AD8867FE218793F3005F0B14 /* Assets.xcassets */,
				AD886800218793F3005F0B14 /* LaunchScreen.storyboard */,
				AD886803218793F3005F0B14 /* Info.plist */,
				AD0BA6BE21AF36FD00DD752A /* mind-over-matter-reprise.mp3 */,
				AD0BA68221A7D78100DD752A /* take-me-home.mp3 */,
			);
			path = MusicMasterFront;
			sourceTree = "<group>";
		};
		AD886811218A7D4F005F0B14 /* Models */ = {
			isa = PBXGroup;
			children = (
				AD886812218A7D66005F0B14 /* Artist.swift */,
				AD886814218A7DFF005F0B14 /* Genre.swift */,
				AD886816218A7E5C005F0B14 /* Album.swift */,
				AD886818218A86F6005F0B14 /* Song.swift */,
				AD88681A218A877F005F0B14 /* Stub.swift */,
			);
			path = Models;
			sourceTree = "<group>";
		};
/* End PBXGroup section */

/* Begin PBXNativeTarget section */
		AD8867F1218793F0005F0B14 /* MusicMasterFront */ = {
			isa = PBXNativeTarget;
			buildConfigurationList = AD886806218793F3005F0B14 /* Build configuration list for PBXNativeTarget "MusicMasterFront" */;
			buildPhases = (
				AD8867EE218793F0005F0B14 /* Sources */,
				AD8867EF218793F0005F0B14 /* Frameworks */,
				AD8867F0218793F0005F0B14 /* Resources */,
			);
			buildRules = (
			);
			dependencies = (
			);
			name = MusicMasterFront;
			productName = MusicMasterFront;
			productReference = AD8867F2218793F0005F0B14 /* MusicMasterFront.app */;
			productType = "com.apple.product-type.application";
		};
/* End PBXNativeTarget section */

/* Begin PBXProject section */
		AD8867EA218793F0005F0B14 /* Project object */ = {
			isa = PBXProject;
			attributes = {
				LastSwiftUpdateCheck = 1000;
				LastUpgradeCheck = 1000;
				ORGANIZATIONNAME = "Jay Doshi";
				TargetAttributes = {
					AD8867F1218793F0005F0B14 = {
						CreatedOnToolsVersion = 10.0;
						SystemCapabilities = {
							com.apple.BackgroundModes = {
								enabled = 1;
							};
						};
					};
				};
			};
			buildConfigurationList = AD8867ED218793F0005F0B14 /* Build configuration list for PBXProject "MusicMasterFront" */;
			compatibilityVersion = "Xcode 9.3";
			developmentRegion = en;
			hasScannedForEncodings = 0;
			knownRegions = (
				en,
				Base,
			);
			mainGroup = AD8867E9218793F0005F0B14;
			productRefGroup = AD8867F3218793F0005F0B14 /* Products */;
			projectDirPath = "";
			projectRoot = "";
			targets = (
				AD8867F1218793F0005F0B14 /* MusicMasterFront */,
			);
		};
/* End PBXProject section */

/* Begin PBXResourcesBuildPhase section */
		AD8867F0218793F0005F0B14 /* Resources */ = {
			isa = PBXResourcesBuildPhase;
			buildActionMask = 2147483647;
			files = (
				AD886802218793F3005F0B14 /* LaunchScreen.storyboard in Resources */,
				AD0BA6BF21AF36FE00DD752A /* mind-over-matter-reprise.mp3 in Resources */,
				AD8867FF218793F3005F0B14 /* Assets.xcassets in Resources */,
				AD8867FD218793F0005F0B14 /* Main.storyboard in Resources */,
				AD0BA68321A7D78200DD752A /* take-me-home.mp3 in Resources */,
			);
			runOnlyForDeploymentPostprocessing = 0;
		};
/* End PBXResourcesBuildPhase section */

/* Begin PBXSourcesBuildPhase section */
		AD8867EE218793F0005F0B14 /* Sources */ = {
			isa = PBXSourcesBuildPhase;
			buildActionMask = 2147483647;
			files = (
				AD0BA69D21A90D2800DD752A /* ItunesAPIClient.swift in Sources */,
				AD0BA69921A90C0300DD752A /* JSONDownloader.swift in Sources */,
				AD0BA6A821A9E5BC00DD752A /* SelectResultsDataSource.swift in Sources */,
				AD0BA69221A903D400DD752A /* ItunesEntity.swift in Sources */,
				AD886819218A86F6005F0B14 /* Song.swift in Sources */,
				AD88681B218A877F005F0B14 /* Stub.swift in Sources */,
				AD0BA6AC21A9F27800DD752A /* AlbumCell.swift in Sources */,
				AD0BA68B21A8FB2700DD752A /* SearchNavigationController.swift in Sources */,
				AD886813218A7D66005F0B14 /* Artist.swift in Sources */,
				AD0BA6B921AA21A500DD752A /* AlbumDetailDataSource.swift in Sources */,
				AD0BA68E21A9028700DD752A /* ItunesMedia.swift in Sources */,
				AD8867FA218793F0005F0B14 /* SearchViewController.swift in Sources */,
				AD0BA69B21A90CA600DD752A /* ItunesError.swift in Sources */,
				AD0BA6BD21AA221C00DD752A /* SongViewModel.swift in Sources */,
				AD8867F6218793F0005F0B14 /* AppDelegate.swift in Sources */,
				AD0BA69F21A93AD000DD752A /* ArtworkDownloader.swift in Sources */,
				AD0BA6B521AA1DFA00DD752A /* AlbumDetailViewController.swift in Sources */,
				AD0BA6BB21AA21F500DD752A /* SongCell.swift in Sources */,
				AD0BA6AA21A9EF9D00DD752A /* AlbumTableViewController.swift in Sources */,
				AD0BA6A321A9DFE300DD752A /* SelectNavigationController.swift in Sources */,
				AD0BA68921A8E86C00DD752A /* SearchResultsViewController.swift in Sources */,
				AD88680C2187C8FB005F0B14 /* ProfileViewController.swift in Sources */,
				AD0BA69621A908B900DD752A /* QueryItemProvider.swift in Sources */,
				AD0BA67D21A7B9A700DD752A /* Main.swift in Sources */,
				AD8868102187E8BA005F0B14 /* TabBarViewController.swift in Sources */,
				AD8867F8218793F0005F0B14 /* ExploreViewController.swift in Sources */,
				AD886815218A7DFF005F0B14 /* Genre.swift in Sources */,
				AD886817218A7E5C005F0B14 /* Album.swift in Sources */,
				AD0BA6B121AA03D700DD752A /* AlbumCellViewModel.swift in Sources */,
				ADCCE4EE21A3AF5600DF1D1F /* LoginViewController.swift in Sources */,
				AD0BA69421A9041000DD752A /* ItunesAttributes.swift in Sources */,
				AD0BA6B321AA097300DD752A /* PendingOperations.swift in Sources */,
				AD0BA6B721AA1FC700DD752A /* AlbumDetailViewModel.swift in Sources */,
				AD0BA69021A9034900DD752A /* Endpoint.swift in Sources */,
				AD0BA6A121A9DF9700DD752A /* SelectTableViewController.swift in Sources */,
				AD0BA6AE21AA02DF00DD752A /* AlbumListDataSource.swift in Sources */,
				AD0BA67F21A7CF0700DD752A /* MusicPlayerViewController.swift in Sources */,
			);
			runOnlyForDeploymentPostprocessing = 0;
		};
/* End PBXSourcesBuildPhase section */

/* Begin PBXVariantGroup section */
		AD8867FB218793F0005F0B14 /* Main.storyboard */ = {
			isa = PBXVariantGroup;
			children = (
				AD8867FC218793F0005F0B14 /* Base */,
			);
			name = Main.storyboard;
			sourceTree = "<group>";
		};
		AD886800218793F3005F0B14 /* LaunchScreen.storyboard */ = {
			isa = PBXVariantGroup;
			children = (
				AD886801218793F3005F0B14 /* Base */,
			);
			name = LaunchScreen.storyboard;
			sourceTree = "<group>";
		};
/* End PBXVariantGroup section */

/* Begin XCBuildConfiguration section */
		AD886804218793F3005F0B14 /* Debug */ = {
			isa = XCBuildConfiguration;
			buildSettings = {
				ALWAYS_SEARCH_USER_PATHS = NO;
				CLANG_ANALYZER_NONNULL = YES;
				CLANG_ANALYZER_NUMBER_OBJECT_CONVERSION = YES_AGGRESSIVE;
				CLANG_CXX_LANGUAGE_STANDARD = "gnu++14";
				CLANG_CXX_LIBRARY = "libc++";
				CLANG_ENABLE_MODULES = YES;
				CLANG_ENABLE_OBJC_ARC = YES;
				CLANG_ENABLE_OBJC_WEAK = YES;
				CLANG_WARN_BLOCK_CAPTURE_AUTORELEASING = YES;
				CLANG_WARN_BOOL_CONVERSION = YES;
				CLANG_WARN_COMMA = YES;
				CLANG_WARN_CONSTANT_CONVERSION = YES;
				CLANG_WARN_DEPRECATED_OBJC_IMPLEMENTATIONS = YES;
				CLANG_WARN_DIRECT_OBJC_ISA_USAGE = YES_ERROR;
				CLANG_WARN_DOCUMENTATION_COMMENTS = YES;
				CLANG_WARN_EMPTY_BODY = YES;
				CLANG_WARN_ENUM_CONVERSION = YES;
				CLANG_WARN_INFINITE_RECURSION = YES;
				CLANG_WARN_INT_CONVERSION = YES;
				CLANG_WARN_NON_LITERAL_NULL_CONVERSION = YES;
				CLANG_WARN_OBJC_IMPLICIT_RETAIN_SELF = YES;
				CLANG_WARN_OBJC_LITERAL_CONVERSION = YES;
				CLANG_WARN_OBJC_ROOT_CLASS = YES_ERROR;
				CLANG_WARN_RANGE_LOOP_ANALYSIS = YES;
				CLANG_WARN_STRICT_PROTOTYPES = YES;
				CLANG_WARN_SUSPICIOUS_MOVE = YES;
				CLANG_WARN_UNGUARDED_AVAILABILITY = YES_AGGRESSIVE;
				CLANG_WARN_UNREACHABLE_CODE = YES;
				CLANG_WARN__DUPLICATE_METHOD_MATCH = YES;
				CODE_SIGN_IDENTITY = "iPhone Developer";
				COPY_PHASE_STRIP = NO;
				DEBUG_INFORMATION_FORMAT = dwarf;
				ENABLE_STRICT_OBJC_MSGSEND = YES;
				ENABLE_TESTABILITY = YES;
				GCC_C_LANGUAGE_STANDARD = gnu11;
				GCC_DYNAMIC_NO_PIC = NO;
				GCC_NO_COMMON_BLOCKS = YES;
				GCC_OPTIMIZATION_LEVEL = 0;
				GCC_PREPROCESSOR_DEFINITIONS = (
					"DEBUG=1",
					"$(inherited)",
				);
				GCC_WARN_64_TO_32_BIT_CONVERSION = YES;
				GCC_WARN_ABOUT_RETURN_TYPE = YES_ERROR;
				GCC_WARN_UNDECLARED_SELECTOR = YES;
				GCC_WARN_UNINITIALIZED_AUTOS = YES_AGGRESSIVE;
				GCC_WARN_UNUSED_FUNCTION = YES;
				GCC_WARN_UNUSED_VARIABLE = YES;
				IPHONEOS_DEPLOYMENT_TARGET = 12.0;
				MTL_ENABLE_DEBUG_INFO = INCLUDE_SOURCE;
				MTL_FAST_MATH = YES;
				ONLY_ACTIVE_ARCH = YES;
				SDKROOT = iphoneos;
				SWIFT_ACTIVE_COMPILATION_CONDITIONS = DEBUG;
				SWIFT_OPTIMIZATION_LEVEL = "-Onone";
			};
			name = Debug;
		};
		AD886805218793F3005F0B14 /* Release */ = {
			isa = XCBuildConfiguration;
			buildSettings = {
				ALWAYS_SEARCH_USER_PATHS = NO;
				CLANG_ANALYZER_NONNULL = YES;
				CLANG_ANALYZER_NUMBER_OBJECT_CONVERSION = YES_AGGRESSIVE;
				CLANG_CXX_LANGUAGE_STANDARD = "gnu++14";
				CLANG_CXX_LIBRARY = "libc++";
				CLANG_ENABLE_MODULES = YES;
				CLANG_ENABLE_OBJC_ARC = YES;
				CLANG_ENABLE_OBJC_WEAK = YES;
				CLANG_WARN_BLOCK_CAPTURE_AUTORELEASING = YES;
				CLANG_WARN_BOOL_CONVERSION = YES;
				CLANG_WARN_COMMA = YES;
				CLANG_WARN_CONSTANT_CONVERSION = YES;
				CLANG_WARN_DEPRECATED_OBJC_IMPLEMENTATIONS = YES;
				CLANG_WARN_DIRECT_OBJC_ISA_USAGE = YES_ERROR;
				CLANG_WARN_DOCUMENTATION_COMMENTS = YES;
				CLANG_WARN_EMPTY_BODY = YES;
				CLANG_WARN_ENUM_CONVERSION = YES;
				CLANG_WARN_INFINITE_RECURSION = YES;
				CLANG_WARN_INT_CONVERSION = YES;
				CLANG_WARN_NON_LITERAL_NULL_CONVERSION = YES;
				CLANG_WARN_OBJC_IMPLICIT_RETAIN_SELF = YES;
				CLANG_WARN_OBJC_LITERAL_CONVERSION = YES;
				CLANG_WARN_OBJC_ROOT_CLASS = YES_ERROR;
				CLANG_WARN_RANGE_LOOP_ANALYSIS = YES;
				CLANG_WARN_STRICT_PROTOTYPES = YES;
				CLANG_WARN_SUSPICIOUS_MOVE = YES;
				CLANG_WARN_UNGUARDED_AVAILABILITY = YES_AGGRESSIVE;
				CLANG_WARN_UNREACHABLE_CODE = YES;
				CLANG_WARN__DUPLICATE_METHOD_MATCH = YES;
				CODE_SIGN_IDENTITY = "iPhone Developer";
				COPY_PHASE_STRIP = NO;
				DEBUG_INFORMATION_FORMAT = "dwarf-with-dsym";
				ENABLE_NS_ASSERTIONS = NO;
				ENABLE_STRICT_OBJC_MSGSEND = YES;
				GCC_C_LANGUAGE_STANDARD = gnu11;
				GCC_NO_COMMON_BLOCKS = YES;
				GCC_WARN_64_TO_32_BIT_CONVERSION = YES;
				GCC_WARN_ABOUT_RETURN_TYPE = YES_ERROR;
				GCC_WARN_UNDECLARED_SELECTOR = YES;
				GCC_WARN_UNINITIALIZED_AUTOS = YES_AGGRESSIVE;
				GCC_WARN_UNUSED_FUNCTION = YES;
				GCC_WARN_UNUSED_VARIABLE = YES;
				IPHONEOS_DEPLOYMENT_TARGET = 12.0;
				MTL_ENABLE_DEBUG_INFO = NO;
				MTL_FAST_MATH = YES;
				SDKROOT = iphoneos;
				SWIFT_COMPILATION_MODE = wholemodule;
				SWIFT_OPTIMIZATION_LEVEL = "-O";
				VALIDATE_PRODUCT = YES;
			};
			name = Release;
		};
		AD886807218793F3005F0B14 /* Debug */ = {
			isa = XCBuildConfiguration;
			buildSettings = {
				ASSETCATALOG_COMPILER_APPICON_NAME = AppIcon;
				CODE_SIGN_STYLE = Automatic;
				DEVELOPMENT_TEAM = 25EE959MJA;
				INFOPLIST_FILE = MusicMasterFront/Info.plist;
				LD_RUNPATH_SEARCH_PATHS = (
					"$(inherited)",
					"@executable_path/Frameworks",
				);
				PRODUCT_BUNDLE_IDENTIFIER = jaydoshi.MusicMasterFront;
				PRODUCT_NAME = "$(TARGET_NAME)";
				SWIFT_VERSION = 4.2;
				TARGETED_DEVICE_FAMILY = "1,2";
			};
			name = Debug;
		};
		AD886808218793F3005F0B14 /* Release */ = {
			isa = XCBuildConfiguration;
			buildSettings = {
				ASSETCATALOG_COMPILER_APPICON_NAME = AppIcon;
				CODE_SIGN_STYLE = Automatic;
				DEVELOPMENT_TEAM = 25EE959MJA;
				INFOPLIST_FILE = MusicMasterFront/Info.plist;
				LD_RUNPATH_SEARCH_PATHS = (
					"$(inherited)",
					"@executable_path/Frameworks",
				);
				PRODUCT_BUNDLE_IDENTIFIER = jaydoshi.MusicMasterFront;
				PRODUCT_NAME = "$(TARGET_NAME)";
				SWIFT_VERSION = 4.2;
				TARGETED_DEVICE_FAMILY = "1,2";
			};
			name = Release;
		};
/* End XCBuildConfiguration section */

/* Begin XCConfigurationList section */
		AD8867ED218793F0005F0B14 /* Build configuration list for PBXProject "MusicMasterFront" */ = {
			isa = XCConfigurationList;
			buildConfigurations = (
				AD886804218793F3005F0B14 /* Debug */,
				AD886805218793F3005F0B14 /* Release */,
			);
			defaultConfigurationIsVisible = 0;
			defaultConfigurationName = Release;
		};
		AD886806218793F3005F0B14 /* Build configuration list for PBXNativeTarget "MusicMasterFront" */ = {
			isa = XCConfigurationList;
			buildConfigurations = (
				AD886807218793F3005F0B14 /* Debug */,
				AD886808218793F3005F0B14 /* Release */,
			);
			defaultConfigurationIsVisible = 0;
			defaultConfigurationName = Release;
		};
/* End XCConfigurationList section */
	};
	rootObject = AD8867EA218793F0005F0B14 /* Project object */;
}
